
Microsoft Visual Studio Solution File, Format Version 12.00
# Visual Studio Version 17
VisualStudioVersion = 17.10.35122.118
MinimumVisualStudioVersion = 10.0.40219.1
Project("{9A19103F-16F7-4668-BE54-9A1E7A4F7556}") = "CMS.API", "CMS.API\CMS.API.csproj", "{821C5C22-92FD-4792-9809-E98BD4BA3999}"
EndProject
Project("{9A19103F-16F7-4668-BE54-9A1E7A4F7556}") = "CMS.Application", "CMS.Application\CMS.Application.csproj", "{FCC7A552-83B7-42BB-8D45-734D5916A64B}"
EndProject
Project("{9A19103F-16F7-4668-BE54-9A1E7A4F7556}") = "CMS.Domain", "CMS.Domain\CMS.Domain.csproj", "{90905A0C-BA99-496D-A573-CC244B9065DA}"
EndProject
Project("{9A19103F-16F7-4668-BE54-9A1E7A4F7556}") = "CMS.Infrastructure", "CMS.Infrastructure\CMS.Infrastructure.csproj", "{C99E2351-9012-49A4-B1BA-FC2C74472EA8}"
EndProject
Project("{E53339B2-1760-4266-BCC7-CA923CBCF16C}") = "docker-compose", "docker-compose.dcproj", "{11937E8D-6A25-4CFE-9221-2D52855327F3}"
EndProject
Project("{FAE04EC0-301F-11D3-BF4B-00C04F79EFBC}") = "CMS.CommonLib", "CMS.CommonLib\CMS.CommonLib.csproj", "{99FD606F-A464-4B66-ABF7-1B8A1A2D0676}"
EndProject
Global
	GlobalSection(SolutionConfigurationPlatforms) = preSolution
		Debug|Any CPU = Debug|Any CPU
		Release|Any CPU = Release|Any CPU
	EndGlobalSection
	GlobalSection(ProjectConfigurationPlatforms) = postSolution
		{821C5C22-92FD-4792-9809-E98BD4BA3999}.Debug|Any CPU.ActiveCfg = Debug|Any CPU
		{821C5C22-92FD-4792-9809-E98BD4BA3999}.Debug|Any CPU.Build.0 = Debug|Any CPU
		{821C5C22-92FD-4792-9809-E98BD4BA3999}.Release|Any CPU.ActiveCfg = Release|Any CPU
		{821C5C22-92FD-4792-9809-E98BD4BA3999}.Release|Any CPU.Build.0 = Release|Any CPU
		{FCC7A552-83B7-42BB-8D45-734D5916A64B}.Debug|Any CPU.ActiveCfg = Debug|Any CPU
		{FCC7A552-83B7-42BB-8D45-734D5916A64B}.Debug|Any CPU.Build.0 = Debug|Any CPU
		{FCC7A552-83B7-42BB-8D45-734D5916A64B}.Release|Any CPU.ActiveCfg = Release|Any CPU
		{FCC7A552-83B7-42BB-8D45-734D5916A64B}.Release|Any CPU.Build.0 = Release|Any CPU
		{90905A0C-BA99-496D-A573-CC244B9065DA}.Debug|Any CPU.ActiveCfg = Debug|Any CPU
		{90905A0C-BA99-496D-A573-CC244B9065DA}.Debug|Any CPU.Build.0 = Debug|Any CPU
		{90905A0C-BA99-496D-A573-CC244B9065DA}.Release|Any CPU.ActiveCfg = Release|Any CPU
		{90905A0C-BA99-496D-A573-CC244B9065DA}.Release|Any CPU.Build.0 = Release|Any CPU
		{C99E2351-9012-49A4-B1BA-FC2C74472EA8}.Debug|Any CPU.ActiveCfg = Debug|Any CPU
		{C99E2351-9012-49A4-B1BA-FC2C74472EA8}.Debug|Any CPU.Build.0 = Debug|Any CPU
		{C99E2351-9012-49A4-B1BA-FC2C74472EA8}.Release|Any CPU.ActiveCfg = Release|Any CPU
		{C99E2351-9012-49A4-B1BA-FC2C74472EA8}.Release|Any CPU.Build.0 = Release|Any CPU
		{11937E8D-6A25-4CFE-9221-2D52855327F3}.Debug|Any CPU.ActiveCfg = Debug|Any CPU
		{11937E8D-6A25-4CFE-9221-2D52855327F3}.Debug|Any CPU.Build.0 = Debug|Any CPU
		{11937E8D-6A25-4CFE-9221-2D52855327F3}.Release|Any CPU.ActiveCfg = Release|Any CPU
		{11937E8D-6A25-4CFE-9221-2D52855327F3}.Release|Any CPU.Build.0 = Release|Any CPU
		{99FD606F-A464-4B66-ABF7-1B8A1A2D0676}.Debug|Any CPU.ActiveCfg = Debug|Any CPU
		{99FD606F-A464-4B66-ABF7-1B8A1A2D0676}.Debug|Any CPU.Build.0 = Debug|Any CPU
		{99FD606F-A464-4B66-ABF7-1B8A1A2D0676}.Release|Any CPU.ActiveCfg = Release|Any CPU
		{99FD606F-A464-4B66-ABF7-1B8A1A2D0676}.Release|Any CPU.Build.0 = Release|Any CPU
	EndGlobalSection
	GlobalSection(SolutionProperties) = preSolution
		HideSolutionNode = FALSE
	EndGlobalSection
	GlobalSection(ExtensibilityGlobals) = postSolution
		SolutionGuid = {F02A24F3-0B4C-4594-A2E6-22BE8D03705B}
	EndGlobalSection
EndGlobal
